
Microsoft Visual Studio Solution File, Format Version 12.00
# Visual Studio 15
VisualStudioVersion = 15.0.27130.0
MinimumVisualStudioVersion = 10.0.40219.1
Project("{FAE04EC0-301F-11D3-BF4B-00C04F79EFBC}") = "TTServices", "TTServices\TTServices.csproj", "{59D30D77-E01F-430E-BC86-3A37BEFFA197}"
EndProject
Global
	GlobalSection(SolutionConfigurationPlatforms) = preSolution
		Debug|Any CPU = Debug|Any CPU
		Release|Any CPU = Release|Any CPU
	EndGlobalSection
	GlobalSection(ProjectConfigurationPlatforms) = postSolution
		{59D30D77-E01F-430E-BC86-3A37BEFFA197}.Debug|Any CPU.ActiveCfg = Debug|Any CPU
		{59D30D77-E01F-430E-BC86-3A37BEFFA197}.Debug|Any CPU.Build.0 = Debug|Any CPU
		{59D30D77-E01F-430E-BC86-3A37BEFFA197}.Release|Any CPU.ActiveCfg = Release|Any CPU
		{59D30D77-E01F-430E-BC86-3A37BEFFA197}.Release|Any CPU.Build.0 = Release|Any CPU
	EndGlobalSection
	GlobalSection(SolutionProperties) = preSolution
		HideSolutionNode = FALSE
	EndGlobalSection
	GlobalSection(ExtensibilityGlobals) = postSolution
		SolutionGuid = {6D0B09B7-DBE2-4A37-97E2-1C6AAB1B9EC6}
	EndGlobalSection
EndGlobal
